{"packages":{"html5lib":{"version":"0.0.4","source":"git","description":{"url":"https://github.com/dart-lang/html5lib.git","ref":null,"resolved-ref":"bc918cb428461ef83215b5eafc3fc3bdd03f0638"}},"logging":{"version":"0.0.0-r.12439","source":"sdk","description":"logging"},"unittest":{"version":"0.0.0-r.12439","source":"sdk","description":"unittest"},"args":{"version":"0.0.0-r.12439","source":"sdk","description":"args"}}}